{
  "version": 4,
  "terraform_version": "1.8.5",
  "serial": 1,
  "lineage": "32bdf525-eebf-59d8-963e-f8cb35c36b16",
  "outputs": {},
  "resources": [
    {
      "mode": "managed",
      "type": "local_file",
      "name": "pet",
      "provider": "provider[\"registry.terraform.io/hashicorp/local\"]",
      "instances": [
        {
          "schema_version": 0,
          "attributes": {
            "content": "I have a pet cat",
            "content_base64": null,
            "content_base64sha256": "ARbCMjfdAMuKiGjm3FGQQ13GW4iOA3Qwx4t4AtxsJSU=",
            "content_base64sha512": "wiIcdgbGxfJwC2TUVew8bH4wZq+/iJp77fIC7xG49o2INzKfotIzeBOtG2yT1jzvrX2u4Esw3ZLD8IjXh7Aaew==",
            "content_md5": "d01ef078ec4a03dc221008d9c07291f7",
            "content_sha1": "96ffdd04509b0bd5bf71a459cdfd944bdb9e6e1a",
            "content_sha256": "0116c23237dd00cb8a8868e6dc5190435dc65b888e037430c78b7802dc6c2525",
            "content_sha512": "c2221c7606c6c5f2700b64d455ec3c6c7e3066afbf889a7bedf202ef11b8f68d8837329fa2d2337813ad1b6c93d63cefad7daee04b30dd92c3f088d787b01a7b",
            "directory_permission": "0777",
            "file_permission": "0777",
            "filename": "./pet.txt",
            "id": "96ffdd04509b0bd5bf71a459cdfd944bdb9e6e1a",
            "sensitive_content": null,
            "source": null
          },
          "sensitive_attributes": [
            [
              {
                "type": "get_attr",
                "value": "sensitive_content"
              }
            ]
          ]
        }
      ]
    }
  ],
  "check_results": null
}
