{
  "version": 4,
  "terraform_version": "1.8.5",
  "serial": 40,
  "lineage": "32bdf525-eebf-59d8-963e-f8cb35c36b16",
  "outputs": {
    "pet-name": {
      "value": "Tuan inviting lemming",
      "type": "string"
    }
  },
  "resources": [
    {
      "mode": "data",
      "type": "local_file",
      "name": "dog",
      "provider": "provider[\"registry.terraform.io/hashicorp/local\"]",
      "instances": [
        {
          "schema_version": 0,
          "attributes": {
            "content": "dogs are awesome!",
            "content_base64": "ZG9ncyBhcmUgYXdlc29tZSE=",
            "content_base64sha256": "5ElSm17Wmu3CdWF8zYgfP93eXUXZ38yu4jtEGfp+lmY=",
            "content_base64sha512": "ILYTcGKVsW8n91QMHTBcxETB26ODj3t0Y4win+h12AP15CsZVE2oucAMbJuIc3Emsvs7fBWsHNQkY6ippZT/5w==",
            "content_md5": "cb6e6591ac73cd027ba2b15cf0f12dbc",
            "content_sha1": "87ec3e7f0a6a188d688e88e211b58d12b48d846d",
            "content_sha256": "e449529b5ed69aedc275617ccd881f3fddde5d45d9dfccaee23b4419fa7e9666",
            "content_sha512": "20b613706295b16f27f7540c1d305cc444c1dba3838f7b74638c229fe875d803f5e42b19544da8b9c00c6c9b88737126b2fb3b7c15ac1cd42463a8a9a594ffe7",
            "filename": "./dog.txt",
            "id": "87ec3e7f0a6a188d688e88e211b58d12b48d846d"
          },
          "sensitive_attributes": []
        }
      ]
    },
    {
      "mode": "managed",
      "type": "local_file",
      "name": "cat",
      "provider": "provider[\"registry.terraform.io/hashicorp/local\"]",
      "instances": [
        {
          "index_key": 0,
          "schema_version": 0,
          "attributes": {
            "content": "I have a pet cat called meong",
            "content_base64": null,
            "content_base64sha256": "1Xo/rga3U65ZvKglv32aHXApGWBN0+7WC9wRClk3/qs=",
            "content_base64sha512": "NKgHwbhPsu1exyWRKrI/Af6r5n7JSihUKXR7XwwcEu3Hdmg5uldKWtsXyh+fkwsd+0Zt5z6cAlbGb3tzMant+w==",
            "content_md5": "30a1388c06083ab73a99d6741b1e0d27",
            "content_sha1": "9ddfb8fcdae0dc1e5199aeaf6984ca6e05f7d705",
            "content_sha256": "d57a3fae06b753ae59bca825bf7d9a1d702919604dd3eed60bdc110a5937feab",
            "content_sha512": "34a807c1b84fb2ed5ec725912ab23f01feabe67ec94a285429747b5f0c1c12edc7766839ba574a5adb17ca1f9f930b1dfb466de73e9c0256c66f7b7331a9edfb",
            "directory_permission": "0777",
            "file_permission": "0700",
            "filename": "./cat.txt",
            "id": "9ddfb8fcdae0dc1e5199aeaf6984ca6e05f7d705",
            "sensitive_content": null,
            "source": null
          },
          "sensitive_attributes": [
            [
              {
                "type": "get_attr",
                "value": "sensitive_content"
              }
            ]
          ]
        },
        {
          "index_key": 1,
          "schema_version": 0,
          "attributes": {
            "content": "I have a pet cat called meong",
            "content_base64": null,
            "content_base64sha256": "1Xo/rga3U65ZvKglv32aHXApGWBN0+7WC9wRClk3/qs=",
            "content_base64sha512": "NKgHwbhPsu1exyWRKrI/Af6r5n7JSihUKXR7XwwcEu3Hdmg5uldKWtsXyh+fkwsd+0Zt5z6cAlbGb3tzMant+w==",
            "content_md5": "30a1388c06083ab73a99d6741b1e0d27",
            "content_sha1": "9ddfb8fcdae0dc1e5199aeaf6984ca6e05f7d705",
            "content_sha256": "d57a3fae06b753ae59bca825bf7d9a1d702919604dd3eed60bdc110a5937feab",
            "content_sha512": "34a807c1b84fb2ed5ec725912ab23f01feabe67ec94a285429747b5f0c1c12edc7766839ba574a5adb17ca1f9f930b1dfb466de73e9c0256c66f7b7331a9edfb",
            "directory_permission": "0777",
            "file_permission": "0700",
            "filename": "./cat.txt",
            "id": "9ddfb8fcdae0dc1e5199aeaf6984ca6e05f7d705",
            "sensitive_content": null,
            "source": null
          },
          "sensitive_attributes": [
            [
              {
                "type": "get_attr",
                "value": "sensitive_content"
              }
            ]
          ]
        },
        {
          "index_key": 2,
          "schema_version": 0,
          "attributes": {
            "content": "I have a pet cat called meong",
            "content_base64": null,
            "content_base64sha256": "1Xo/rga3U65ZvKglv32aHXApGWBN0+7WC9wRClk3/qs=",
            "content_base64sha512": "NKgHwbhPsu1exyWRKrI/Af6r5n7JSihUKXR7XwwcEu3Hdmg5uldKWtsXyh+fkwsd+0Zt5z6cAlbGb3tzMant+w==",
            "content_md5": "30a1388c06083ab73a99d6741b1e0d27",
            "content_sha1": "9ddfb8fcdae0dc1e5199aeaf6984ca6e05f7d705",
            "content_sha256": "d57a3fae06b753ae59bca825bf7d9a1d702919604dd3eed60bdc110a5937feab",
            "content_sha512": "34a807c1b84fb2ed5ec725912ab23f01feabe67ec94a285429747b5f0c1c12edc7766839ba574a5adb17ca1f9f930b1dfb466de73e9c0256c66f7b7331a9edfb",
            "directory_permission": "0777",
            "file_permission": "0700",
            "filename": "./cat.txt",
            "id": "9ddfb8fcdae0dc1e5199aeaf6984ca6e05f7d705",
            "sensitive_content": null,
            "source": null
          },
          "sensitive_attributes": [
            [
              {
                "type": "get_attr",
                "value": "sensitive_content"
              }
            ]
          ]
        }
      ]
    },
    {
      "mode": "managed",
      "type": "local_file",
      "name": "fruits",
      "provider": "provider[\"registry.terraform.io/hashicorp/local\"]",
      "instances": [
        {
          "index_key": "apple.txt",
          "schema_version": 0,
          "attributes": {
            "content": "This is a apple.txt",
            "content_base64": null,
            "content_base64sha256": "NkDBD0AoYb48WU7NWI8fo168ZGqifRbJsmrFY+KIvd0=",
            "content_base64sha512": "htH0D9RdPjFNAbFQ3a15szX4BPhZqrb/vZS/J0xtFmQ7eKhBN/HMLDYqgcAmVqVSu5WRhoSB4BT11wEWgJQcQg==",
            "content_md5": "6b28fd0bbbf11d8437d9d384af0c86b9",
            "content_sha1": "621d8e75142931de67a95a42be44fd5ff914b7c5",
            "content_sha256": "3640c10f402861be3c594ecd588f1fa35ebc646aa27d16c9b26ac563e288bddd",
            "content_sha512": "86d1f40fd45d3e314d01b150ddad79b335f804f859aab6ffbd94bf274c6d16643b78a84137f1cc2c362a81c02656a552bb9591868481e014f5d7011680941c42",
            "directory_permission": "0777",
            "file_permission": "0777",
            "filename": "apple.txt",
            "id": "621d8e75142931de67a95a42be44fd5ff914b7c5",
            "sensitive_content": null,
            "source": null
          },
          "sensitive_attributes": [
            [
              {
                "type": "get_attr",
                "value": "sensitive_content"
              }
            ]
          ]
        },
        {
          "index_key": "banana.txt",
          "schema_version": 0,
          "attributes": {
            "content": "This is a banana.txt",
            "content_base64": null,
            "content_base64sha256": "EaziDd5/nqQPsgMtfz86tTrWrpRCqA3Mzk2FyQ0/KLY=",
            "content_base64sha512": "XerkLIzvYeoUbomvq2O/nvIBmewzhMFmY62NXgkHD17UeiAX1dZiSp++RRLF+n4a1JAWfZwEcXsFdqoT1rmn6w==",
            "content_md5": "fb3249bb3e2579b806e968372a93b20e",
            "content_sha1": "dbca2835ebd8ce4b3e6230c03b306a991fbfabb9",
            "content_sha256": "11ace20dde7f9ea40fb2032d7f3f3ab53ad6ae9442a80dccce4d85c90d3f28b6",
            "content_sha512": "5deae42c8cef61ea146e89afab63bf9ef20199ec3384c16663ad8d5e09070f5ed47a2017d5d6624a9fbe4512c5fa7e1ad490167d9c04717b0576aa13d6b9a7eb",
            "directory_permission": "0777",
            "file_permission": "0777",
            "filename": "banana.txt",
            "id": "dbca2835ebd8ce4b3e6230c03b306a991fbfabb9",
            "sensitive_content": null,
            "source": null
          },
          "sensitive_attributes": [
            [
              {
                "type": "get_attr",
                "value": "sensitive_content"
              }
            ]
          ]
        },
        {
          "index_key": "cherry.txt",
          "schema_version": 0,
          "attributes": {
            "content": "This is a cherry.txt",
            "content_base64": null,
            "content_base64sha256": "gqCo5SGeLxMJmNjVmBIcNOdHLifcqeLC5TrsYSUVmdU=",
            "content_base64sha512": "np+FuhCJgRFb8AWx6ikvr5E7kA1eZWEfUeTuBTTcBp152n1X1x0g1rtnvfjYafQyv8QKXjlEsbqcbWq1fIF/Yg==",
            "content_md5": "c9415b3cd786beed249487b53674a9e1",
            "content_sha1": "67eb15e4964f22c6b751eac80e249fc076ec7894",
            "content_sha256": "82a0a8e5219e2f130998d8d598121c34e7472e27dca9e2c2e53aec61251599d5",
            "content_sha512": "9e9f85ba108981115bf005b1ea292faf913b900d5e65611f51e4ee0534dc069d79da7d57d71d20d6bb67bdf8d869f432bfc40a5e3944b1ba9c6d6ab57c817f62",
            "directory_permission": "0777",
            "file_permission": "0777",
            "filename": "cherry.txt",
            "id": "67eb15e4964f22c6b751eac80e249fc076ec7894",
            "sensitive_content": null,
            "source": null
          },
          "sensitive_attributes": [
            [
              {
                "type": "get_attr",
                "value": "sensitive_content"
              }
            ]
          ]
        }
      ]
    },
    {
      "mode": "managed",
      "type": "local_file",
      "name": "pet",
      "provider": "provider[\"registry.terraform.io/hashicorp/local\"]",
      "instances": [
        {
          "schema_version": 0,
          "attributes": {
            "content": "I have a pet Tuan inviting lemming",
            "content_base64": null,
            "content_base64sha256": "hlheUlvN1lQdTUDbDTPPkrwzm39srDv695zx16XqJc8=",
            "content_base64sha512": "2WvrpLDMHYtDDUFaQxzMUgXVSuwHqEmC+81rxf7hpbeS/KecF6bTdcYopT2X4iLjqAs1rRjVGU8o0THR2Pb/iA==",
            "content_md5": "5705b579462d4d08f51494facf48c854",
            "content_sha1": "b9f00d6dc3914d95c3e7ddebb572aacc9db9add2",
            "content_sha256": "86585e525bcdd6541d4d40db0d33cf92bc339b7f6cac3bfaf79cf1d7a5ea25cf",
            "content_sha512": "d96beba4b0cc1d8b430d415a431ccc5205d54aec07a84982fbcd6bc5fee1a5b792fca79c17a6d375c628a53d97e222e3a80b35ad18d5194f28d131d1d8f6ff88",
            "directory_permission": "0777",
            "file_permission": "0700",
            "filename": "./pet.txt",
            "id": "b9f00d6dc3914d95c3e7ddebb572aacc9db9add2",
            "sensitive_content": null,
            "source": null
          },
          "sensitive_attributes": [
            [
              {
                "type": "get_attr",
                "value": "sensitive_content"
              }
            ]
          ],
          "dependencies": [
            "random_pet.pet"
          ]
        }
      ]
    },
    {
      "mode": "managed",
      "type": "random_pet",
      "name": "pet",
      "provider": "provider[\"registry.terraform.io/hashicorp/random\"]",
      "instances": [
        {
          "schema_version": 0,
          "attributes": {
            "id": "Tuan inviting lemming",
            "keepers": null,
            "length": 2,
            "prefix": "Tuan",
            "separator": " "
          },
          "sensitive_attributes": []
        }
      ]
    }
  ],
  "check_results": null
}
